
Microsoft Visual Studio Solution File, Format Version 12.00
# Visual Studio 15
Project("{FAE04EC0-301F-11D3-BF4B-00C04F79EFBC}") = "URLEncoder", "URLEncoder.csproj", "{DBABC8C3-5E02-4C70-A2E7-1AFCE10CF5BF}"
EndProject
Global
	GlobalSection(SolutionConfigurationPlatforms) = preSolution
		Debug|Any CPU = Debug|Any CPU
		Release|Any CPU = Release|Any CPU
	EndGlobalSection
	GlobalSection(ProjectConfigurationPlatforms) = postSolution
		{DBABC8C3-5E02-4C70-A2E7-1AFCE10CF5BF}.Debug|Any CPU.ActiveCfg = Debug|Any CPU
		{DBABC8C3-5E02-4C70-A2E7-1AFCE10CF5BF}.Debug|Any CPU.Build.0 = Debug|Any CPU
		{DBABC8C3-5E02-4C70-A2E7-1AFCE10CF5BF}.Release|Any CPU.ActiveCfg = Release|Any CPU
		{DBABC8C3-5E02-4C70-A2E7-1AFCE10CF5BF}.Release|Any CPU.Build.0 = Release|Any CPU
	EndGlobalSection
EndGlobal
